
Microsoft Visual Studio Solution File, Format Version 12.00
# Visual Studio 2012
Project("{FAE04EC0-301F-11D3-BF4B-00C04F79EFBC}") = "DrumRecognitionInterface", "DrumRecognitionInterface\DrumRecognitionInterface.csproj", "{D5D09EF5-8DB8-4882-87B1-FCEC7A4329DE}"
EndProject
Global
	GlobalSection(SolutionConfigurationPlatforms) = preSolution
		Debug|Any CPU = Debug|Any CPU
		Release|Any CPU = Release|Any CPU
	EndGlobalSection
	GlobalSection(ProjectConfigurationPlatforms) = postSolution
		{D5D09EF5-8DB8-4882-87B1-FCEC7A4329DE}.Debug|Any CPU.ActiveCfg = Debug|Any CPU
		{D5D09EF5-8DB8-4882-87B1-FCEC7A4329DE}.Debug|Any CPU.Build.0 = Debug|Any CPU
		{D5D09EF5-8DB8-4882-87B1-FCEC7A4329DE}.Release|Any CPU.ActiveCfg = Release|Any CPU
		{D5D09EF5-8DB8-4882-87B1-FCEC7A4329DE}.Release|Any CPU.Build.0 = Release|Any CPU
	EndGlobalSection
	GlobalSection(SolutionProperties) = preSolution
		HideSolutionNode = FALSE
	EndGlobalSection
EndGlobal
