
Microsoft Visual Studio Solution File, Format Version 12.00
# Visual Studio 2012
Project("{FAE04EC0-301F-11D3-BF4B-00C04F79EFBC}") = "DrumsFinder", "DrumsFinder\DrumsFinder.csproj", "{647534F6-A9C1-4D6A-8698-C47B13102841}"
EndProject
Global
	GlobalSection(SolutionConfigurationPlatforms) = preSolution
		Debug|Any CPU = Debug|Any CPU
		Release|Any CPU = Release|Any CPU
	EndGlobalSection
	GlobalSection(ProjectConfigurationPlatforms) = postSolution
		{647534F6-A9C1-4D6A-8698-C47B13102841}.Debug|Any CPU.ActiveCfg = Debug|Any CPU
		{647534F6-A9C1-4D6A-8698-C47B13102841}.Debug|Any CPU.Build.0 = Debug|Any CPU
		{647534F6-A9C1-4D6A-8698-C47B13102841}.Release|Any CPU.ActiveCfg = Release|Any CPU
		{647534F6-A9C1-4D6A-8698-C47B13102841}.Release|Any CPU.Build.0 = Release|Any CPU
	EndGlobalSection
	GlobalSection(SolutionProperties) = preSolution
		HideSolutionNode = FALSE
	EndGlobalSection
EndGlobal
